// !$*UTF8*$!
{
	archiveVersion = 1;
	classes = {
	};
	objectVersion = 51;
	objects = {

/* Begin PBXBuildFile section */
		24E2B0F7236817D50006DF68 /* AppDelegate.swift in Sources */ = {isa = PBXBuildFile; fileRef = 24E2B0F6236817D50006DF68 /* AppDelegate.swift */; };
		24E2B0F9236817D50006DF68 /* SceneDelegate.swift in Sources */ = {isa = PBXBuildFile; fileRef = 24E2B0F8236817D50006DF68 /* SceneDelegate.swift */; };
		24E2B0FB236817D50006DF68 /* ViewController.swift in Sources */ = {isa = PBXBuildFile; fileRef = 24E2B0FA236817D50006DF68 /* ViewController.swift */; };
		24E2B0FE236817D50006DF68 /* Main.storyboard in Resources */ = {isa = PBXBuildFile; fileRef = 24E2B0FC236817D50006DF68 /* Main.storyboard */; };
		24E2B100236817D80006DF68 /* Assets.xcassets in Resources */ = {isa = PBXBuildFile; fileRef = 24E2B0FF236817D80006DF68 /* Assets.xcassets */; };
		24E2B103236817D80006DF68 /* LaunchScreen.storyboard in Resources */ = {isa = PBXBuildFile; fileRef = 24E2B101236817D80006DF68 /* LaunchScreen.storyboard */; };
		24E2B1112368182D0006DF68 /* A_Extension.podspec in Resources */ = {isa = PBXBuildFile; fileRef = 24E2B10A2368182C0006DF68 /* A_Extension.podspec */; };
		24E2B116236819460006DF68 /* A_Extension.swift in Sources */ = {isa = PBXBuildFile; fileRef = 24E2B115236819460006DF68 /* A_Extension.swift */; };
		81E660F9124428D907158E89 /* Pods_A_Extension.framework in Frameworks */ = {isa = PBXBuildFile; fileRef = 102CB2FE1F1CE3682C34584C /* Pods_A_Extension.framework */; };
/* End PBXBuildFile section */

/* Begin PBXFileReference section */
		102CB2FE1F1CE3682C34584C /* Pods_A_Extension.framework */ = {isa = PBXFileReference; explicitFileType = wrapper.framework; includeInIndex = 0; path = Pods_A_Extension.framework; sourceTree = BUILT_PRODUCTS_DIR; };
		24E2B0F3236817D50006DF68 /* A_Extension.app */ = {isa = PBXFileReference; explicitFileType = wrapper.application; includeInIndex = 0; path = A_Extension.app; sourceTree = BUILT_PRODUCTS_DIR; };
		24E2B0F6236817D50006DF68 /* AppDelegate.swift */ = {isa = PBXFileReference; lastKnownFileType = sourcecode.swift; path = AppDelegate.swift; sourceTree = "<group>"; };
		24E2B0F8236817D50006DF68 /* SceneDelegate.swift */ = {isa = PBXFileReference; lastKnownFileType = sourcecode.swift; path = SceneDelegate.swift; sourceTree = "<group>"; };
		24E2B0FA236817D50006DF68 /* ViewController.swift */ = {isa = PBXFileReference; lastKnownFileType = sourcecode.swift; path = ViewController.swift; sourceTree = "<group>"; };
		24E2B0FD236817D50006DF68 /* Base */ = {isa = PBXFileReference; lastKnownFileType = file.storyboard; name = Base; path = Base.lproj/Main.storyboard; sourceTree = "<group>"; };
		24E2B0FF236817D80006DF68 /* Assets.xcassets */ = {isa = PBXFileReference; lastKnownFileType = folder.assetcatalog; path = Assets.xcassets; sourceTree = "<group>"; };
		24E2B102236817D80006DF68 /* Base */ = {isa = PBXFileReference; lastKnownFileType = file.storyboard; name = Base; path = Base.lproj/LaunchScreen.storyboard; sourceTree = "<group>"; };
		24E2B104236817D80006DF68 /* Info.plist */ = {isa = PBXFileReference; lastKnownFileType = text.plist.xml; path = Info.plist; sourceTree = "<group>"; };
		24E2B10A2368182C0006DF68 /* A_Extension.podspec */ = {isa = PBXFileReference; lastKnownFileType = text; path = A_Extension.podspec; sourceTree = SOURCE_ROOT; };
		24E2B115236819460006DF68 /* A_Extension.swift */ = {isa = PBXFileReference; lastKnownFileType = sourcecode.swift; path = A_Extension.swift; sourceTree = "<group>"; };
		40C7AC1E60FF27E55B544359 /* Pods-A_Extension.release.xcconfig */ = {isa = PBXFileReference; includeInIndex = 1; lastKnownFileType = text.xcconfig; name = "Pods-A_Extension.release.xcconfig"; path = "Target Support Files/Pods-A_Extension/Pods-A_Extension.release.xcconfig"; sourceTree = "<group>"; };
		57C734743CDBC820C409469D /* Pods-A_Extension.debug.xcconfig */ = {isa = PBXFileReference; includeInIndex = 1; lastKnownFileType = text.xcconfig; name = "Pods-A_Extension.debug.xcconfig"; path = "Target Support Files/Pods-A_Extension/Pods-A_Extension.debug.xcconfig"; sourceTree = "<group>"; };
/* End PBXFileReference section */

/* Begin PBXFrameworksBuildPhase section */
		24E2B0F0236817D50006DF68 /* Frameworks */ = {
			isa = PBXFrameworksBuildPhase;
			buildActionMask = 2147483647;
			files = (
				81E660F9124428D907158E89 /* Pods_A_Extension.framework in Frameworks */,
			);
			runOnlyForDeploymentPostprocessing = 0;
		};
/* End PBXFrameworksBuildPhase section */

/* Begin PBXGroup section */
		24E2B0EA236817D50006DF68 = {
			isa = PBXGroup;
			children = (
				24E2B0F5236817D50006DF68 /* A_Extension */,
				24E2B0F4236817D50006DF68 /* Products */,
				FBFEA5F5BF157E5090C43CCF /* Pods */,
				76BE76BF37EC58F6CF12E2EB /* Frameworks */,
			);
			sourceTree = "<group>";
		};
		24E2B0F4236817D50006DF68 /* Products */ = {
			isa = PBXGroup;
			children = (
				24E2B0F3236817D50006DF68 /* A_Extension.app */,
			);
			name = Products;
			sourceTree = "<group>";
		};
		24E2B0F5236817D50006DF68 /* A_Extension */ = {
			isa = PBXGroup;
			children = (
				24E2B10A2368182C0006DF68 /* A_Extension.podspec */,
				24E2B10B2368182D0006DF68 /* Sources */,
				24E2B0F6236817D50006DF68 /* AppDelegate.swift */,
				24E2B0F8236817D50006DF68 /* SceneDelegate.swift */,
				24E2B0FA236817D50006DF68 /* ViewController.swift */,
				24E2B0FC236817D50006DF68 /* Main.storyboard */,
				24E2B0FF236817D80006DF68 /* Assets.xcassets */,
				24E2B101236817D80006DF68 /* LaunchScreen.storyboard */,
				24E2B104236817D80006DF68 /* Info.plist */,
			);
			path = A_Extension;
			sourceTree = "<group>";
		};
		24E2B10B2368182D0006DF68 /* Sources */ = {
			isa = PBXGroup;
			children = (
				24E2B10C2368182D0006DF68 /* Classes */,
				24E2B10F2368182D0006DF68 /* Assets */,
			);
			path = Sources;
			sourceTree = SOURCE_ROOT;
		};
		24E2B10C2368182D0006DF68 /* Classes */ = {
			isa = PBXGroup;
			children = (
				24E2B115236819460006DF68 /* A_Extension.swift */,
			);
			path = Classes;
			sourceTree = "<group>";
		};
		24E2B10F2368182D0006DF68 /* Assets */ = {
			isa = PBXGroup;
			children = (
			);
			path = Assets;
			sourceTree = "<group>";
		};
		76BE76BF37EC58F6CF12E2EB /* Frameworks */ = {
			isa = PBXGroup;
			children = (
				102CB2FE1F1CE3682C34584C /* Pods_A_Extension.framework */,
			);
			name = Frameworks;
			sourceTree = "<group>";
		};
		FBFEA5F5BF157E5090C43CCF /* Pods */ = {
			isa = PBXGroup;
			children = (
				57C734743CDBC820C409469D /* Pods-A_Extension.debug.xcconfig */,
				40C7AC1E60FF27E55B544359 /* Pods-A_Extension.release.xcconfig */,
			);
			path = Pods;
			sourceTree = "<group>";
		};
/* End PBXGroup section */

/* Begin PBXNativeTarget section */
		24E2B0F2236817D50006DF68 /* A_Extension */ = {
			isa = PBXNativeTarget;
			buildConfigurationList = 24E2B107236817D80006DF68 /* Build configuration list for PBXNativeTarget "A_Extension" */;
			buildPhases = (
				15D46F3F5B32A8985A7DAF66 /* [CP] Check Pods Manifest.lock */,
				24E2B0EF236817D50006DF68 /* Sources */,
				24E2B0F0236817D50006DF68 /* Frameworks */,
				24E2B0F1236817D50006DF68 /* Resources */,
				1F07FE0FA78498F7E45F48F8 /* [CP] Embed Pods Frameworks */,
			);
			buildRules = (
			);
			dependencies = (
			);
			name = A_Extension;
			productName = A_Extension;
			productReference = 24E2B0F3236817D50006DF68 /* A_Extension.app */;
			productType = "com.apple.product-type.application";
		};
/* End PBXNativeTarget section */

/* Begin PBXProject section */
		24E2B0EB236817D50006DF68 /* Project object */ = {
			isa = PBXProject;
			attributes = {
				LastSwiftUpdateCheck = 1110;
				LastUpgradeCheck = 1110;
				ORGANIZATIONNAME = Chancc;
				TargetAttributes = {
					24E2B0F2236817D50006DF68 = {
						CreatedOnToolsVersion = 11.1;
					};
				};
			};
			buildConfigurationList = 24E2B0EE236817D50006DF68 /* Build configuration list for PBXProject "A_Extension" */;
			compatibilityVersion = "Xcode 9.3";
			developmentRegion = en;
			hasScannedForEncodings = 0;
			knownRegions = (
				en,
				Base,
			);
			mainGroup = 24E2B0EA236817D50006DF68;
			productRefGroup = 24E2B0F4236817D50006DF68 /* Products */;
			projectDirPath = "";
			projectRoot = "";
			targets = (
				24E2B0F2236817D50006DF68 /* A_Extension */,
			);
		};
/* End PBXProject section */

/* Begin PBXResourcesBuildPhase section */
		24E2B0F1236817D50006DF68 /* Resources */ = {
			isa = PBXResourcesBuildPhase;
			buildActionMask = 2147483647;
			files = (
				24E2B1112368182D0006DF68 /* A_Extension.podspec in Resources */,
				24E2B103236817D80006DF68 /* LaunchScreen.storyboard in Resources */,
				24E2B100236817D80006DF68 /* Assets.xcassets in Resources */,
				24E2B0FE236817D50006DF68 /* Main.storyboard in Resources */,
			);
			runOnlyForDeploymentPostprocessing = 0;
		};
/* End PBXResourcesBuildPhase section */

/* Begin PBXShellScriptBuildPhase section */
		15D46F3F5B32A8985A7DAF66 /* [CP] Check Pods Manifest.lock */ = {
			isa = PBXShellScriptBuildPhase;
			buildActionMask = 2147483647;
			files = (
			);
			inputFileListPaths = (
			);
			inputPaths = (
				"${PODS_PODFILE_DIR_PATH}/Podfile.lock",
				"${PODS_ROOT}/Manifest.lock",
			);
			name = "[CP] Check Pods Manifest.lock";
			outputFileListPaths = (
			);
			outputPaths = (
				"$(DERIVED_FILE_DIR)/Pods-A_Extension-checkManifestLockResult.txt",
			);
			runOnlyForDeploymentPostprocessing = 0;
			shellPath = /bin/sh;
			shellScript = "diff \"${PODS_PODFILE_DIR_PATH}/Podfile.lock\" \"${PODS_ROOT}/Manifest.lock\" > /dev/null\nif [ $? != 0 ] ; then\n    # print error to STDERR\n    echo \"error: The sandbox is not in sync with the Podfile.lock. Run 'pod install' or update your CocoaPods installation.\" >&2\n    exit 1\nfi\n# This output is used by Xcode 'outputs' to avoid re-running this script phase.\necho \"SUCCESS\" > \"${SCRIPT_OUTPUT_FILE_0}\"\n";
			showEnvVarsInLog = 0;
		};
		1F07FE0FA78498F7E45F48F8 /* [CP] Embed Pods Frameworks */ = {
			isa = PBXShellScriptBuildPhase;
			buildActionMask = 2147483647;
			files = (
			);
			inputFileListPaths = (
				"${PODS_ROOT}/Target Support Files/Pods-A_Extension/Pods-A_Extension-frameworks-${CONFIGURATION}-input-files.xcfilelist",
			);
			name = "[CP] Embed Pods Frameworks";
			outputFileListPaths = (
				"${PODS_ROOT}/Target Support Files/Pods-A_Extension/Pods-A_Extension-frameworks-${CONFIGURATION}-output-files.xcfilelist",
			);
			runOnlyForDeploymentPostprocessing = 0;
			shellPath = /bin/sh;
			shellScript = "\"${PODS_ROOT}/Target Support Files/Pods-A_Extension/Pods-A_Extension-frameworks.sh\"\n";
			showEnvVarsInLog = 0;
		};
/* End PBXShellScriptBuildPhase section */

/* Begin PBXSourcesBuildPhase section */
		24E2B0EF236817D50006DF68 /* Sources */ = {
			isa = PBXSourcesBuildPhase;
			buildActionMask = 2147483647;
			files = (
				24E2B0FB236817D50006DF68 /* ViewController.swift in Sources */,
				24E2B116236819460006DF68 /* A_Extension.swift in Sources */,
				24E2B0F7236817D50006DF68 /* AppDelegate.swift in Sources */,
				24E2B0F9236817D50006DF68 /* SceneDelegate.swift in Sources */,
			);
			runOnlyForDeploymentPostprocessing = 0;
		};
/* End PBXSourcesBuildPhase section */

/* Begin PBXVariantGroup section */
		24E2B0FC236817D50006DF68 /* Main.storyboard */ = {
			isa = PBXVariantGroup;
			children = (
				24E2B0FD236817D50006DF68 /* Base */,
			);
			name = Main.storyboard;
			sourceTree = "<group>";
		};
		24E2B101236817D80006DF68 /* LaunchScreen.storyboard */ = {
			isa = PBXVariantGroup;
			children = (
				24E2B102236817D80006DF68 /* Base */,
			);
			name = LaunchScreen.storyboard;
			sourceTree = "<group>";
		};
/* End PBXVariantGroup section */

/* Begin XCBuildConfiguration section */
		24E2B105236817D80006DF68 /* Debug */ = {
			isa = XCBuildConfiguration;
			buildSettings = {
				ALWAYS_SEARCH_USER_PATHS = NO;
				CLANG_ANALYZER_NONNULL = YES;
				CLANG_ANALYZER_NUMBER_OBJECT_CONVERSION = YES_AGGRESSIVE;
				CLANG_CXX_LANGUAGE_STANDARD = "gnu++14";
				CLANG_CXX_LIBRARY = "libc++";
				CLANG_ENABLE_MODULES = YES;
				CLANG_ENABLE_OBJC_ARC = YES;
				CLANG_ENABLE_OBJC_WEAK = YES;
				CLANG_WARN_BLOCK_CAPTURE_AUTORELEASING = YES;
				CLANG_WARN_BOOL_CONVERSION = YES;
				CLANG_WARN_COMMA = YES;
				CLANG_WARN_CONSTANT_CONVERSION = YES;
				CLANG_WARN_DEPRECATED_OBJC_IMPLEMENTATIONS = YES;
				CLANG_WARN_DIRECT_OBJC_ISA_USAGE = YES_ERROR;
				CLANG_WARN_DOCUMENTATION_COMMENTS = YES;
				CLANG_WARN_EMPTY_BODY = YES;
				CLANG_WARN_ENUM_CONVERSION = YES;
				CLANG_WARN_INFINITE_RECURSION = YES;
				CLANG_WARN_INT_CONVERSION = YES;
				CLANG_WARN_NON_LITERAL_NULL_CONVERSION = YES;
				CLANG_WARN_OBJC_IMPLICIT_RETAIN_SELF = YES;
				CLANG_WARN_OBJC_LITERAL_CONVERSION = YES;
				CLANG_WARN_OBJC_ROOT_CLASS = YES_ERROR;
				CLANG_WARN_RANGE_LOOP_ANALYSIS = YES;
				CLANG_WARN_STRICT_PROTOTYPES = YES;
				CLANG_WARN_SUSPICIOUS_MOVE = YES;
				CLANG_WARN_UNGUARDED_AVAILABILITY = YES_AGGRESSIVE;
				CLANG_WARN_UNREACHABLE_CODE = YES;
				CLANG_WARN__DUPLICATE_METHOD_MATCH = YES;
				COPY_PHASE_STRIP = NO;
				DEBUG_INFORMATION_FORMAT = dwarf;
				ENABLE_STRICT_OBJC_MSGSEND = YES;
				ENABLE_TESTABILITY = YES;
				GCC_C_LANGUAGE_STANDARD = gnu11;
				GCC_DYNAMIC_NO_PIC = NO;
				GCC_NO_COMMON_BLOCKS = YES;
				GCC_OPTIMIZATION_LEVEL = 0;
				GCC_PREPROCESSOR_DEFINITIONS = (
					"DEBUG=1",
					"$(inherited)",
				);
				GCC_WARN_64_TO_32_BIT_CONVERSION = YES;
				GCC_WARN_ABOUT_RETURN_TYPE = YES_ERROR;
				GCC_WARN_UNDECLARED_SELECTOR = YES;
				GCC_WARN_UNINITIALIZED_AUTOS = YES_AGGRESSIVE;
				GCC_WARN_UNUSED_FUNCTION = YES;
				GCC_WARN_UNUSED_VARIABLE = YES;
				IPHONEOS_DEPLOYMENT_TARGET = 10.0;
				MTL_ENABLE_DEBUG_INFO = INCLUDE_SOURCE;
				MTL_FAST_MATH = YES;
				ONLY_ACTIVE_ARCH = YES;
				SDKROOT = iphoneos;
				SWIFT_ACTIVE_COMPILATION_CONDITIONS = DEBUG;
				SWIFT_OPTIMIZATION_LEVEL = "-Onone";
			};
			name = Debug;
		};
		24E2B106236817D80006DF68 /* Release */ = {
			isa = XCBuildConfiguration;
			buildSettings = {
				ALWAYS_SEARCH_USER_PATHS = NO;
				CLANG_ANALYZER_NONNULL = YES;
				CLANG_ANALYZER_NUMBER_OBJECT_CONVERSION = YES_AGGRESSIVE;
				CLANG_CXX_LANGUAGE_STANDARD = "gnu++14";
				CLANG_CXX_LIBRARY = "libc++";
				CLANG_ENABLE_MODULES = YES;
				CLANG_ENABLE_OBJC_ARC = YES;
				CLANG_ENABLE_OBJC_WEAK = YES;
				CLANG_WARN_BLOCK_CAPTURE_AUTORELEASING = YES;
				CLANG_WARN_BOOL_CONVERSION = YES;
				CLANG_WARN_COMMA = YES;
				CLANG_WARN_CONSTANT_CONVERSION = YES;
				CLANG_WARN_DEPRECATED_OBJC_IMPLEMENTATIONS = YES;
				CLANG_WARN_DIRECT_OBJC_ISA_USAGE = YES_ERROR;
				CLANG_WARN_DOCUMENTATION_COMMENTS = YES;
				CLANG_WARN_EMPTY_BODY = YES;
				CLANG_WARN_ENUM_CONVERSION = YES;
				CLANG_WARN_INFINITE_RECURSION = YES;
				CLANG_WARN_INT_CONVERSION = YES;
				CLANG_WARN_NON_LITERAL_NULL_CONVERSION = YES;
				CLANG_WARN_OBJC_IMPLICIT_RETAIN_SELF = YES;
				CLANG_WARN_OBJC_LITERAL_CONVERSION = YES;
				CLANG_WARN_OBJC_ROOT_CLASS = YES_ERROR;
				CLANG_WARN_RANGE_LOOP_ANALYSIS = YES;
				CLANG_WARN_STRICT_PROTOTYPES = YES;
				CLANG_WARN_SUSPICIOUS_MOVE = YES;
				CLANG_WARN_UNGUARDED_AVAILABILITY = YES_AGGRESSIVE;
				CLANG_WARN_UNREACHABLE_CODE = YES;
				CLANG_WARN__DUPLICATE_METHOD_MATCH = YES;
				COPY_PHASE_STRIP = NO;
				DEBUG_INFORMATION_FORMAT = "dwarf-with-dsym";
				ENABLE_NS_ASSERTIONS = NO;
				ENABLE_STRICT_OBJC_MSGSEND = YES;
				GCC_C_LANGUAGE_STANDARD = gnu11;
				GCC_NO_COMMON_BLOCKS = YES;
				GCC_WARN_64_TO_32_BIT_CONVERSION = YES;
				GCC_WARN_ABOUT_RETURN_TYPE = YES_ERROR;
				GCC_WARN_UNDECLARED_SELECTOR = YES;
				GCC_WARN_UNINITIALIZED_AUTOS = YES_AGGRESSIVE;
				GCC_WARN_UNUSED_FUNCTION = YES;
				GCC_WARN_UNUSED_VARIABLE = YES;
				IPHONEOS_DEPLOYMENT_TARGET = 10.0;
				MTL_ENABLE_DEBUG_INFO = NO;
				MTL_FAST_MATH = YES;
				SDKROOT = iphoneos;
				SWIFT_COMPILATION_MODE = wholemodule;
				SWIFT_OPTIMIZATION_LEVEL = "-O";
				VALIDATE_PRODUCT = YES;
			};
			name = Release;
		};
		24E2B108236817D80006DF68 /* Debug */ = {
			isa = XCBuildConfiguration;
			baseConfigurationReference = 57C734743CDBC820C409469D /* Pods-A_Extension.debug.xcconfig */;
			buildSettings = {
				ASSETCATALOG_COMPILER_APPICON_NAME = AppIcon;
				CODE_SIGN_STYLE = Automatic;
				DEVELOPMENT_TEAM = H7TERFXEST;
				INFOPLIST_FILE = A_Extension/Info.plist;
				LD_RUNPATH_SEARCH_PATHS = (
					"$(inherited)",
					"@executable_path/Frameworks",
				);
				PRODUCT_BUNDLE_IDENTIFIER = "Chancc.A-Extension";
				PRODUCT_NAME = "$(TARGET_NAME)";
				SWIFT_VERSION = 5.0;
				TARGETED_DEVICE_FAMILY = "1,2";
			};
			name = Debug;
		};
		24E2B109236817D80006DF68 /* Release */ = {
			isa = XCBuildConfiguration;
			baseConfigurationReference = 40C7AC1E60FF27E55B544359 /* Pods-A_Extension.release.xcconfig */;
			buildSettings = {
				ASSETCATALOG_COMPILER_APPICON_NAME = AppIcon;
				CODE_SIGN_STYLE = Automatic;
				DEVELOPMENT_TEAM = H7TERFXEST;
				INFOPLIST_FILE = A_Extension/Info.plist;
				LD_RUNPATH_SEARCH_PATHS = (
					"$(inherited)",
					"@executable_path/Frameworks",
				);
				PRODUCT_BUNDLE_IDENTIFIER = "Chancc.A-Extension";
				PRODUCT_NAME = "$(TARGET_NAME)";
				SWIFT_VERSION = 5.0;
				TARGETED_DEVICE_FAMILY = "1,2";
			};
			name = Release;
		};
/* End XCBuildConfiguration section */

/* Begin XCConfigurationList section */
		24E2B0EE236817D50006DF68 /* Build configuration list for PBXProject "A_Extension" */ = {
			isa = XCConfigurationList;
			buildConfigurations = (
				24E2B105236817D80006DF68 /* Debug */,
				24E2B106236817D80006DF68 /* Release */,
			);
			defaultConfigurationIsVisible = 0;
			defaultConfigurationName = Release;
		};
		24E2B107236817D80006DF68 /* Build configuration list for PBXNativeTarget "A_Extension" */ = {
			isa = XCConfigurationList;
			buildConfigurations = (
				24E2B108236817D80006DF68 /* Debug */,
				24E2B109236817D80006DF68 /* Release */,
			);
			defaultConfigurationIsVisible = 0;
			defaultConfigurationName = Release;
		};
/* End XCConfigurationList section */
	};
	rootObject = 24E2B0EB236817D50006DF68 /* Project object */;
}
